
Microsoft Visual Studio Solution File, Format Version 12.00
# Visual Studio Version 18
VisualStudioVersion = 18.4.11612.150 stable
MinimumVisualStudioVersion = 10.0.40219.1
Project("{FAE04EC0-301F-11D3-BF4B-00C04F79EFBC}") = "CNCSS", "CNCSS.csproj", "{88B0531B-C5A7-048F-C5C0-17E8FDAE90C5}"
EndProject
Global
	GlobalSection(SolutionConfigurationPlatforms) = preSolution
		Debug|Any CPU = Debug|Any CPU
		Release|Any CPU = Release|Any CPU
	EndGlobalSection
	GlobalSection(ProjectConfigurationPlatforms) = postSolution
		{88B0531B-C5A7-048F-C5C0-17E8FDAE90C5}.Debug|Any CPU.ActiveCfg = Debug|Any CPU
		{88B0531B-C5A7-048F-C5C0-17E8FDAE90C5}.Debug|Any CPU.Build.0 = Debug|Any CPU
		{88B0531B-C5A7-048F-C5C0-17E8FDAE90C5}.Release|Any CPU.ActiveCfg = Release|Any CPU
		{88B0531B-C5A7-048F-C5C0-17E8FDAE90C5}.Release|Any CPU.Build.0 = Release|Any CPU
	EndGlobalSection
	GlobalSection(SolutionProperties) = preSolution
		HideSolutionNode = FALSE
	EndGlobalSection
	GlobalSection(ExtensibilityGlobals) = postSolution
		SolutionGuid = {5354B062-7F4F-4182-A4B6-C06D391BBC2A}
	EndGlobalSection
EndGlobal
