
Microsoft Visual Studio Solution File, Format Version 12.00
# Visual Studio Version 17
VisualStudioVersion = 17.0.31903.59
MinimumVisualStudioVersion = 10.0.40219.1
Project("{FAE04EC0-301F-11D3-BF4B-00C04F79EFBC}") = "CNCSS", "CNCSS.csproj", "{88B0531B-C5A7-048F-C5C0-17E8FDAE90C5}"
EndProject
Project("{FAE04EC0-301F-11D3-BF4B-00C04F79EFBC}") = "CNCSS.Data", "src\CNCSS.Data\CNCSS.Data.csproj", "{A1B2C3D4-E5F6-7890-ABCD-EF1234567890}"
EndProject
Project("{FAE04EC0-301F-11D3-BF4B-00C04F79EFBC}") = "CNCSS.Logic", "src\CNCSS.Logic\CNCSS.Logic.csproj", "{B2C3D4E5-F6A7-8901-BCDE-F12345678901}"
EndProject
Project("{FAE04EC0-301F-11D3-BF4B-00C04F79EFBC}") = "CNCSS.Visualization", "src\CNCSS.Visualization\CNCSS.Visualization.csproj", "{C3D4E5F6-A7B8-9012-CDEF-123456789012}"
EndProject
Project("{FAE04EC0-301F-11D3-BF4B-00C04F79EFBC}") = "CNCSS.Tests", "CNCSS.Tests\CNCSS.Tests.csproj", "{775A0A34-BB5B-418B-8EF4-0BEF38A1776B}"
EndProject
Global
	GlobalSection(SolutionConfigurationPlatforms) = preSolution
		Debug|x64 = Debug|x64
		Release|x64 = Release|x64
	EndGlobalSection
	GlobalSection(ProjectConfigurationPlatforms) = postSolution
		{88B0531B-C5A7-048F-C5C0-17E8FDAE90C5}.Debug|x64.ActiveCfg = Debug|x64
		{88B0531B-C5A7-048F-C5C0-17E8FDAE90C5}.Debug|x64.Build.0 = Debug|x64
		{88B0531B-C5A7-048F-C5C0-17E8FDAE90C5}.Release|x64.ActiveCfg = Release|x64
		{88B0531B-C5A7-048F-C5C0-17E8FDAE90C5}.Release|x64.Build.0 = Release|x64
		{A1B2C3D4-E5F6-7890-ABCD-EF1234567890}.Debug|x64.ActiveCfg = Debug|x64
		{A1B2C3D4-E5F6-7890-ABCD-EF1234567890}.Debug|x64.Build.0 = Debug|x64
		{A1B2C3D4-E5F6-7890-ABCD-EF1234567890}.Release|x64.ActiveCfg = Release|x64
		{A1B2C3D4-E5F6-7890-ABCD-EF1234567890}.Release|x64.Build.0 = Release|x64
		{B2C3D4E5-F6A7-8901-BCDE-F12345678901}.Debug|x64.ActiveCfg = Debug|x64
		{B2C3D4E5-F6A7-8901-BCDE-F12345678901}.Debug|x64.Build.0 = Debug|x64
		{B2C3D4E5-F6A7-8901-BCDE-F12345678901}.Release|x64.ActiveCfg = Release|x64
		{B2C3D4E5-F6A7-8901-BCDE-F12345678901}.Release|x64.Build.0 = Release|x64
		{C3D4E5F6-A7B8-9012-CDEF-123456789012}.Debug|x64.ActiveCfg = Debug|x64
		{C3D4E5F6-A7B8-9012-CDEF-123456789012}.Debug|x64.Build.0 = Debug|x64
		{C3D4E5F6-A7B8-9012-CDEF-123456789012}.Release|x64.ActiveCfg = Release|x64
		{C3D4E5F6-A7B8-9012-CDEF-123456789012}.Release|x64.Build.0 = Release|x64
		{775A0A34-BB5B-418B-8EF4-0BEF38A1776B}.Debug|x64.ActiveCfg = Debug|x64
		{775A0A34-BB5B-418B-8EF4-0BEF38A1776B}.Debug|x64.Build.0 = Debug|x64
		{775A0A34-BB5B-418B-8EF4-0BEF38A1776B}.Release|x64.ActiveCfg = Release|x64
		{775A0A34-BB5B-418B-8EF4-0BEF38A1776B}.Release|x64.Build.0 = Release|x64
	EndGlobalSection
	GlobalSection(SolutionProperties) = preSolution
		HideSolutionNode = FALSE
	EndGlobalSection
EndGlobal
